
Microsoft Visual Studio Solution File, Format Version 12.00
Project("{FAE04EC0-301F-11D3-BF4B-00C04F79EFBC}") = "SolutionRunner", "SolutionRunner\SolutionRunner.csproj", "{CBDC86A3-C8D7-4BC3-A295-B22BF7D4D6BA}"
EndProject
Project("{2150E333-8FDC-42A3-9474-1A3956D46DE8}") = "Solution Items", "Solution Items", "{B898258D-F624-42BD-BEB2-07DB56579CF0}"
	ProjectSection(SolutionItems) = preProject
		.gitignore = .gitignore
	EndProjectSection
EndProject
Project("{FAE04EC0-301F-11D3-BF4B-00C04F79EFBC}") = "SolutionTests", "SolutionTests\SolutionTests.csproj", "{1436AD78-4622-4117-AF6C-F0BC80F61204}"
EndProject
Global
	GlobalSection(SolutionConfigurationPlatforms) = preSolution
		Debug|Any CPU = Debug|Any CPU
		Release|Any CPU = Release|Any CPU
	EndGlobalSection
	GlobalSection(ProjectConfigurationPlatforms) = postSolution
		{CBDC86A3-C8D7-4BC3-A295-B22BF7D4D6BA}.Debug|Any CPU.ActiveCfg = Debug|Any CPU
		{CBDC86A3-C8D7-4BC3-A295-B22BF7D4D6BA}.Debug|Any CPU.Build.0 = Debug|Any CPU
		{CBDC86A3-C8D7-4BC3-A295-B22BF7D4D6BA}.Release|Any CPU.ActiveCfg = Release|Any CPU
		{CBDC86A3-C8D7-4BC3-A295-B22BF7D4D6BA}.Release|Any CPU.Build.0 = Release|Any CPU
		{1436AD78-4622-4117-AF6C-F0BC80F61204}.Debug|Any CPU.ActiveCfg = Debug|Any CPU
		{1436AD78-4622-4117-AF6C-F0BC80F61204}.Debug|Any CPU.Build.0 = Debug|Any CPU
		{1436AD78-4622-4117-AF6C-F0BC80F61204}.Release|Any CPU.ActiveCfg = Release|Any CPU
		{1436AD78-4622-4117-AF6C-F0BC80F61204}.Release|Any CPU.Build.0 = Release|Any CPU
	EndGlobalSection
EndGlobal
